
Microsoft Visual Studio Solution File, Format Version 12.00
# Visual Studio 15
VisualStudioVersion = 15.0.27130.2027
MinimumVisualStudioVersion = 10.0.40219.1
Project("{E24C65DC-7377-472B-9ABA-BC803B73C61A}") = "Proyecto_Final", "Proyecto_Final\", "{3028107D-5DB7-47E1-BFF6-03AC96EF5919}"
	ProjectSection(WebsiteProperties) = preProject
		TargetFrameworkMoniker = ".NETFramework,Version%3Dv4.6.1"
		Debug.AspNetCompiler.VirtualPath = "/localhost_53551"
		Debug.AspNetCompiler.PhysicalPath = "Proyecto_Final\"
		Debug.AspNetCompiler.TargetPath = "PrecompiledWeb\localhost_53551\"
		Debug.AspNetCompiler.Updateable = "true"
		Debug.AspNetCompiler.ForceOverwrite = "true"
		Debug.AspNetCompiler.FixedNames = "false"
		Debug.AspNetCompiler.Debug = "True"
		Release.AspNetCompiler.VirtualPath = "/localhost_53551"
		Release.AspNetCompiler.PhysicalPath = "Proyecto_Final\"
		Release.AspNetCompiler.TargetPath = "PrecompiledWeb\localhost_53551\"
		Release.AspNetCompiler.Updateable = "true"
		Release.AspNetCompiler.ForceOverwrite = "true"
		Release.AspNetCompiler.FixedNames = "false"
		Release.AspNetCompiler.Debug = "False"
		VWDPort = "53551"
		SlnRelativePath = "Proyecto_Final\"
		DefaultWebSiteLanguage = "Visual C#"
	EndProjectSection
	ProjectSection(ProjectDependencies) = postProject
		{B5625F69-FFF3-43E5-9A1F-62325BCBD626} = {B5625F69-FFF3-43E5-9A1F-62325BCBD626}
	EndProjectSection
EndProject
Project("{FAE04EC0-301F-11D3-BF4B-00C04F79EFBC}") = "AplicacionWSPagos", "AplicacionWSPagos\AplicacionWSPagos.csproj", "{B5625F69-FFF3-43E5-9A1F-62325BCBD626}"
EndProject
Global
	GlobalSection(SolutionConfigurationPlatforms) = preSolution
		Debug|Any CPU = Debug|Any CPU
		Release|Any CPU = Release|Any CPU
	EndGlobalSection
	GlobalSection(ProjectConfigurationPlatforms) = postSolution
		{3028107D-5DB7-47E1-BFF6-03AC96EF5919}.Debug|Any CPU.ActiveCfg = Debug|Any CPU
		{3028107D-5DB7-47E1-BFF6-03AC96EF5919}.Debug|Any CPU.Build.0 = Debug|Any CPU
		{3028107D-5DB7-47E1-BFF6-03AC96EF5919}.Release|Any CPU.ActiveCfg = Debug|Any CPU
		{3028107D-5DB7-47E1-BFF6-03AC96EF5919}.Release|Any CPU.Build.0 = Debug|Any CPU
		{B5625F69-FFF3-43E5-9A1F-62325BCBD626}.Debug|Any CPU.ActiveCfg = Debug|Any CPU
		{B5625F69-FFF3-43E5-9A1F-62325BCBD626}.Debug|Any CPU.Build.0 = Debug|Any CPU
		{B5625F69-FFF3-43E5-9A1F-62325BCBD626}.Release|Any CPU.ActiveCfg = Release|Any CPU
		{B5625F69-FFF3-43E5-9A1F-62325BCBD626}.Release|Any CPU.Build.0 = Release|Any CPU
	EndGlobalSection
	GlobalSection(SolutionProperties) = preSolution
		HideSolutionNode = FALSE
	EndGlobalSection
	GlobalSection(ExtensibilityGlobals) = postSolution
		SolutionGuid = {2CB70803-C331-49B7-A53C-982674F44411}
	EndGlobalSection
EndGlobal
